github.com/hoshsadiq/godotenv v1.0.0 h1:Hjx9hW+vqSOm5LN/UwMktxAekKvuXIg+BzIUmGQ7wXQ=
github.com/hoshsadiq/godotenv v1.0.0/go.mod h1:BZLGi0xKHU92H+AKkNoy/BsSFrZUUN3C8SdvyF3gt+c=
golang.org/x/text v0.16.0 h1:a94ExnEXNtEwYLGJSIUxnWoxoRz/ZcCsV63ROupILh4=
golang.org/x/text v0.16.0/go.mod h1:GhwF1Be+LQoKShO3cGOHzqOgRrGaYc9AvblQOmPVHnI=
